{
  "name": "cassandra-schema-builder",
  "version": "1.0.1",
  "lockfileVersion": 1,
  "requires": true,
  "dependencies": {
    "@types/cassandra-driver": {
      "version": "4.0.3",
      "resolved": "https://registry.npmjs.org/@types/cassandra-driver/-/cassandra-driver-4.0.3.tgz",
      "integrity": "sha512-FwT/e1trpsuRp89oIEjRKJ754uFU7lcSHWGMjjLmP6bCyP6CIZ9+SlYxqk6LrSnUoqhKwKxe3jx6QAGthzuIEw==",
      "requires": {
        "@types/long": "4.0.0",
        "@types/node": "11.11.3"
      }
    },
    "@types/long": {
      "version": "4.0.0",
      "resolved": "https://registry.npmjs.org/@types/long/-/long-4.0.0.tgz",
      "integrity": "sha512-1w52Nyx4Gq47uuu0EVcsHBxZFJgurQ+rTKS3qMHxR1GY2T8c2AJYd6vZoZ9q1rupaDjU0yT+Jc2XTyXkjeMA+Q=="
    },
    "@types/node": {
      "version": "11.11.3",
      "resolved": "https://registry.npmjs.org/@types/node/-/node-11.11.3.tgz",
      "integrity": "sha512-wp6IOGu1lxsfnrD+5mX6qwSwWuqsdkKKxTN4aQc4wByHAKZJf9/D4KXPQ1POUjEbnCP5LMggB0OEFNY9OTsMqg=="
    },
    "@types/uuid": {
      "version": "3.4.5",
      "resolved": "https://registry.npmjs.org/@types/uuid/-/uuid-3.4.5.tgz",
      "integrity": "sha512-MNL15wC3EKyw1VLF+RoVO4hJJdk9t/Hlv3rt1OL65Qvuadm4BYo6g9ZJQqoq7X8NBFSsQXgAujWciovh2lpVjA==",
      "dev": true,
      "requires": {
        "@types/node": "*"
      }
    },
    "cassandra-driver": {
      "version": "4.1.0",
      "resolved": "https://registry.npmjs.org/cassandra-driver/-/cassandra-driver-4.1.0.tgz",
      "integrity": "sha512-MHI8PcCCaPEa9DKsP+L6MsokrK5Twhu4UBb3reyEAezB0XFhu7DnjDcfWuDHpzmuCY3OSmgskO1pnoz1GsRIIA==",
      "requires": {
        "long": "2.4.0"
      }
    },
    "long": {
      "version": "2.4.0",
      "resolved": "https://registry.npmjs.org/long/-/long-2.4.0.tgz",
      "integrity": "sha1-n6GAux2VAM3CnEFWdmoZleH0Uk8="
    },
    "uuid": {
      "version": "3.3.2",
      "resolved": "https://registry.npmjs.org/uuid/-/uuid-3.3.2.tgz",
      "integrity": "sha512-yXJmeNaw3DnnKAOKJE51sL/ZaYfWJRl1pK9dr19YFCu0ObS231AB1/LbqTKRAQ5kw8A90rA6fr4riOUpTZvQZA==",
      "dev": true
    }
  }
}
