{
	"name": "@musicshare/backend",
	"version": "1.0.0",
	"lockfileVersion": 1,
	"requires": true,
	"dependencies": {
		"@musicshare/shared-types": {
			"version": "1.0.0",
			"resolved": "https://registry.npmjs.org/@musicshare/shared-types/-/shared-types-1.0.0.tgz",
			"integrity": "sha512-sfmq8wZt9mtqrfLELbTKlAJLrKIa3m19pfg0+HP+P+WV6mfCFBj6whwWBRGhDOThCrFuYBAiG+9i4TFJbWuGOQ=="
		}
	}
}
